cel.dev/expr v0.25.1 h1:1KrZg61W6TWSxuNZ37Xy49ps13NUovb66QLprthtwi4=
cel.dev/expr v0.25.1/go.mod h1:hrXvqGP6G6gyx8UAHSHJ5RGk//1Oj5nXQ2NI02Nrsg4=
cloud.google.com/go/compute/metadata v0.9.0 h1:pDUj4QMoPejqq20dK0Pg2N4yG9zIkYGdBtwLoEkH9Zs=
cloud.google.com/go/compute/metadata v0.9.0/go.mod h1:E0bWwX5wTnLPedCKqk3pJmVgCBSM6qQI1yTBdEb3C10=
dario.cat/mergo v1.0.0 h1:AGCNq9Evsj31mOgNPcLyXc+4PNABt905YmuqPYYpBWk=
dario.cat/mergo v1.0.0/go.mod h1:uNxQE+84aUszobStD9th8a29P2fMDhsBdgRYvZOxGmk=
github.com/Azure/azure-sdk-for-go/sdk/azcore v1.22.0 h1:aokoqcHvaGjiM3VpjKDfMMnF/8epJ+Q1HLJ7CudztqE=
github.com/Azure/azure-sdk-for-go/sdk/azcore v1.22.0/go.mod h1:/WYEx9pcM9Y+Dd/APJaNlSvVSvzl54rrMdZT5+Oi2LM=
github.com/Azure/azure-sdk-for-go/sdk/azidentity v1.14.0 h1:CU4+EJeJi3TKYWEcYuSdWsjzw0nVsK/H0MSQOiPcymU=
github.com/Azure/azure-sdk-for-go/sdk/azidentity v1.14.0/go.mod h1:q0+UTSRvShwUCrR/s5HtyInYphN7Wvxb7snFM3u+SLA=
github.com/Azure/azure-sdk-for-go/sdk/azidentity/cache v0.4.0 h1:xFaZZ+IubdftrDHnGGwZ6QvQ3KHTtWl2MCK+GMt2vxs=
github.com/Azure/azure-sdk-for-go/sdk/azidentity/cache v0.4.0/go.mod h1:mCBhUhlMjLLJKr5aqw2TNS/VqJOie8MzWq3DAMJeKso=
github.com/Azure/azure-sdk-for-go/sdk/internal v1.12.0 h1:fhqpLE3UEXi9lPaBRpQ6XuRW0nU7hgg4zlmZZa+a9q4=
github.com/Azure/azure-sdk-for-go/sdk/internal v1.12.0/go.mod h1:7dCRMLwisfRH3dBupKeNCioWYUZ4SS09Z14H+7i8ZoY=
github.com/AzureAD/microsoft-authentication-extensions-for-go/cache v0.1.1 h1:WJTmL004Abzc5wDB5VtZG2PJk5ndYDgVacGqfirKxjM=
github.com/AzureAD/microsoft-authentication-extensions-for-go/cache v0.1.1/go.mod h1:tCcJZ0uHAmvjsVYzEFivsRTN00oz5BEsRgQHu5JZ9WE=
github.com/AzureAD/microsoft-authentication-library-for-go v1.7.2 h1:RHK7bS+HQMslb1sZpAokUt+zTVmue0hKSs2C791hhzU=
github.com/AzureAD/microsoft-authentication-library-for-go v1.7.2/go.mod h1:HKpQxkWaGLJ+D/5H8QRpyQXA1eKjxkFlOMwck5+33Jk=
github.com/Microsoft/go-winio v0.5.2/go.mod h1:WpS1mjBmmwHBEWmogvA2mj8546UReBk4v8QkMxJ6pZY=
github.com/Microsoft/go-winio v0.6.2 h1:F2VQgta7ecxGYO8k3ZZz3RS8fVIXVxONVUPlNERoyfY=
github.com/Microsoft/go-winio v0.6.2/go.mod h1:yd8OoFMLzJbo9gZq8j5qaps8bJ9aShtEA8Ipt1oGCvU=
github.com/ProtonMail/go-crypto v1.4.1 h1:9RfcZHqEQUvP8RzecWEUafnZVtEvrBVL9BiF67IQOfM=
github.com/ProtonMail/go-crypto v1.4.1/go.mod h1:e1OaTyu5SYVrO9gKOEhTc+5UcXtTUa+P3uLudwcgPqo=
github.com/ProtonMail/go-mime v0.0.0-20230322103455-7d82a3887f2f h1:tCbYj7/299ekTTXpdwKYF8eBlsYsDVoggDAuAjoK66k=
github.com/ProtonMail/go-mime v0.0.0-20230322103455-7d82a3887f2f/go.mod h1:gcr0kNtGBqin9zDW9GOHcVntrwnjrK+qdJ06mWYBybw=
github.com/ProtonMail/gopenpgp/v2 v2.10.0 h1:llCzLvntC9+iH+if/na4AgKTef/Zm4vpaRrR3+JdKvo=
github.com/ProtonMail/gopenpgp/v2 v2.10.0/go.mod h1:dc0h9Pg3ftfN0U4pfRzujilfh61A2R52wgMkZWcWm2I=
github.com/adrg/xdg v0.5.3 h1:xRnxJXne7+oWDatRhR1JLnvuccuIeCoBu2rtuLqQB78=
github.com/adrg/xdg v0.5.3/go.mod h1:nlTsY+NNiCBGCK2tpm09vRqfVzrc2fLmXGpBLF0zlTQ=
github.com/agext/levenshtein v1.2.1 h1:QmvMAjj2aEICytGiWzmxoE0x2KZvE0fvmqMOfy2tjT8=
github.com/agext/levenshtein v1.2.1/go.mod h1:JEDfjyjHDjOF/1e4FlBE/PkbqA9OfWu2ki2W0IB5558=
github.com/anmitsu/go-shlex v0.0.0-20200514113438-38f4b401e2be h1:9AeTilPcZAjCFIImctFaOjnTIavg87rW78vTPkQqLI8=
github.com/anmitsu/go-shlex v0.0.0-20200514113438-38f4b401e2be/go.mod h1:ySMOLuWl6zY27l47sB3qLNK6tF2fkHG55UZxx8oIVo4=
github.com/antlr4-go/antlr/v4 v4.13.1 h1:SqQKkuVZ+zWkMMNkjy5FZe5mr5WURWnlpmOuzYWrPrQ=
github.com/antlr4-go/antlr/v4 v4.13.1/go.mod h1:GKmUxMtwp6ZgGwZSva4eWPC5mS6vUAmOABFgjdkM7Nw=
github.com/apparentlymart/go-textseg/v15 v15.0.0 h1:uYvfpb3DyLSCGWnctWKGj857c6ew1u1fNQOlOtuGxQY=
github.com/apparentlymart/go-textseg/v15 v15.0.0/go.mod h1:K8XmNZdhEBkdlyDdvbmmsvpAG721bKi0joRfFdHIWJ4=
github.com/apparentlymart/go-textseg/v17 v17.0.1 h1:bpMXRgQ5cEoRNuQke1a80/Nl6w3G5eoIbWo9f3gXkAs=
github.com/apparentlymart/go-textseg/v17 v17.0.1/go.mod h1:fa8X4jgGeevslICIY6LcdjkSecWnXmYd9Lk34z/VxZs=
github.com/armon/go-socks5 v0.0.0-20160902184237-e75332964ef5 h1:0CwZNZbxp69SHPdPJAN/hZIm0C4OItdklCFmMRWYpio=
github.com/armon/go-socks5 v0.0.0-20160902184237-e75332964ef5/go.mod h1:wHh0iHkYZB8zMSxRWpUBQtwG5a7fFgvEO+odwuTv2gs=
github.com/aws/aws-sdk-go-v2 v1.43.1 h1:t6AQIB1uQ7HJA+0CDRWjOYG5MfwnOyyDsN4vRDHcwIY=
github.com/aws/aws-sdk-go-v2 v1.43.1/go.mod h1:WEzLKBh/mEjXvx1FtQMWgSxMSTVqxQzjkRtk5fa3wkg=
github.com/aws/aws-sdk-go-v2/aws/protocol/eventstream v1.7.15 h1:rq/p1VNFfygoKEQ9hHMKsKBE98lspPvT8IxaFs5mFhw=
github.com/aws/aws-sdk-go-v2/aws/protocol/eventstream v1.7.15/go.mod h1:bELIhlPfW8OkpDhP1MvCjHDtvv8NhiBTz+K4o26zrXA=
github.com/aws/aws-sdk-go-v2/config v1.32.32 h1:CcYdrcIjulT7xbTSqeEInh/PqUWv10LMznfdbNRwHBM=
github.com/aws/aws-sdk-go-v2/config v1.32.32/go.mod h1:Rk+LRPrR2oLWLOqUbhNOKYOJ8chU2aZ/R+Sdi/Bc/+4=
github.com/aws/aws-sdk-go-v2/credentials v1.19.31 h1:olhkNt+ZMx+X40XxeyrflmdBx145TP+3DqaS4s8GsbI=
github.com/aws/aws-sdk-go-v2/credentials v1.19.31/go.mod h1:twHrsQY+gUmkTOsDqYwBBrdP41FvzO86qjiRbj7GXcw=
github.com/aws/aws-sdk-go-v2/feature/ec2/imds v1.18.32 h1:zheY8iDNNzOHGS2aBJ5GWjeRbhsGuSg4+s20NZ0AywQ=
github.com/aws/aws-sdk-go-v2/feature/ec2/imds v1.18.32/go.mod h1:bkw+ZoqafHSo/3lQBm+xzWf4kh79hqP9M2kPtmOFZIY=
github.com/aws/aws-sdk-go-v2/feature/rds/auth v1.6.32 h1:fgIXVAjMiiLDnzAA0lzkXIwedITGD1/AWwcQ52lYLcA=
github.com/aws/aws-sdk-go-v2/feature/rds/auth v1.6.32/go.mod h1:6d0tuG4Dvu51pToD+8oDrWqve0n+AM5EnFqxEzAPGHg=
github.com/aws/aws-sdk-go-v2/internal/configsources v1.4.32 h1:PqiNS1QVFVctiMX30IwaY6pM3cUUfZFe+HPKmlZVY4I=
github.com/aws/aws-sdk-go-v2/internal/configsources v1.4.32/go.mod h1:jqisrvz2jliDnF3dW4wO9ZT1lHz1d6pXjftFyyZyqjY=
github.com/aws/aws-sdk-go-v2/internal/endpoints/v2 v2.7.32 h1:bWzam6cUCb/BRiZYmmdwPg+FvZy3/QygB9u6z7BIlnM=
github.com/aws/aws-sdk-go-v2/internal/endpoints/v2 v2.7.32/go.mod h1:VGTWlYbW4qvz9djYt2lj35gSAZS5aZ2xKn85wXziw6A=
github.com/aws/aws-sdk-go-v2/internal/v4a v1.4.33 h1:J4GttOtoayrtx24b8NODgSvJTAQ2qj/E5YPEeaYrYh0=
github.com/aws/aws-sdk-go-v2/internal/v4a v1.4.33/go.mod h1:G8G6DL9QyBO/vuHXJ/JG29qy2hBNYrQxDYJmqMStWJ4=
github.com/aws/aws-sdk-go-v2/service/accessanalyzer v1.51.1 h1:zS8/d8AgA8/JI0s27egJkG51IuO3vphUckWJLxbNF4M=
github.com/aws/aws-sdk-go-v2/service/accessanalyzer v1.51.1/go.mod h1:da5L1dzuIB+kA+v8bPYYZxVB1nAAFsAFYrXGYTWrsso=
github.com/aws/aws-sdk-go-v2/service/ec2 v1.317.1 h1:jE6vqbV1Is5CW7GXoDwbKyjxf/crqCpYfMmRa/5k7kE=
github.com/aws/aws-sdk-go-v2/service/ec2 v1.317.1/go.mod h1:BWIpt8if74qVVGXQeP2kkR10CLSdzmh6p7r0bkQFeX8=
github.com/aws/aws-sdk-go-v2/service/ecr v1.60.1 h1:65usrGlWQldW/I2s7q6RM+3i/55pQNxndB33XsXgiSA=
github.com/aws/aws-sdk-go-v2/service/ecr v1.60.1/go.mod h1:vz1MWl43K8XjZ2OZJMAaRKaw7Qmq5ST0jxIPBagNR64=
github.com/aws/aws-sdk-go-v2/service/ecrpublic v1.41.1 h1:gu0xlN4FoJjr07KsjGz+ZVZ28CkDLgOF2QhTatr2w+o=
github.com/aws/aws-sdk-go-v2/service/ecrpublic v1.41.1/go.mod h1:Tb1YPJjiFoaUj18Rv29J6X9S4460OFrYp9I1IBNy1zo=
github.com/aws/aws-sdk-go-v2/service/eks v1.90.1 h1:U3hVo7nagMZomR52wdlcK3ZtZTakut83UIU5hhHPKPA=
github.com/aws/aws-sdk-go-v2/service/eks v1.90.1/go.mod h1:6ddK11RWpGRQaOJGc7h9/rg/fdo2JOAD3fD601S+N8A=
github.com/aws/aws-sdk-go-v2/service/iam v1.56.1 h1:SLGzTAo/8J81zHUisaiKY6gF804fPsHZBxAZr0uquHM=
github.com/aws/aws-sdk-go-v2/service/iam v1.56.1/go.mod h1:Cc31Ak8Ps/0Vi4QqN3qIuqSHXi/MGLw/Cl6vzUwuqwk=
github.com/aws/aws-sdk-go-v2/service/internal/accept-encoding v1.13.14 h1:SA43nfaY7+1jjMNIc2ywu99JLJLButtIdLP6j+bT870=
github.com/aws/aws-sdk-go-v2/service/internal/accept-encoding v1.13.14/go.mod h1:Du3llKcwbQvHsTXSLzTOGQz0DTDBMEzdg7DAGu7inrY=
github.com/aws/aws-sdk-go-v2/service/internal/checksum v1.9.25 h1:t1pBmM7qO2pzE8sQ/00T+PnWfKNuQAbCw0cdChNfoMM=
github.com/aws/aws-sdk-go-v2/service/internal/checksum v1.9.25/go.mod h1:YDz7QcfWKH760WBWlw3zi2m/oawz6M55I02taW1X6oA=
github.com/aws/aws-sdk-go-v2/service/internal/presigned-url v1.13.32 h1:dWFHhQpbf7Yui4fsy+bJUy54JrmpJHIyAuUkcadqwMo=
github.com/aws/aws-sdk-go-v2/service/internal/presigned-url v1.13.32/go.mod h1:oN4Iix8rAbyTx6tFMP9mS8RFLJnDeZSbSsHwXYSs3tE=
github.com/aws/aws-sdk-go-v2/service/internal/s3shared v1.19.33 h1:WWevlLzmBqgzRy/rrTUHEmLXnLMNuSZkrQWdlGiLPYY=
github.com/aws/aws-sdk-go-v2/service/internal/s3shared v1.19.33/go.mod h1:lRlrKO4OuKlBZsSGioD2lprkdvu2dI7SAATcC1CYt7U=
github.com/aws/aws-sdk-go-v2/service/s3 v1.106.1 h1:LE9F8L9PXkboje/lJrvthQGsvbhi3SPZZidPgYuNBxk=
github.com/aws/aws-sdk-go-v2/service/s3 v1.106.1/go.mod h1:BC1zJ0lDLKkzEJDsF8kyimsmMoear7ZcfUzzEFscQrk=
github.com/aws/aws-sdk-go-v2/service/signin v1.5.1 h1:i7p1pinRrWxJp+sD+u2pCWYdcB9vL1VNIPKWssNOp4o=
github.com/aws/aws-sdk-go-v2/service/signin v1.5.1/go.mod h1:gtQTy/o93W5Sx0IFdAkn7Usa+Qg7ydG2+9GC7MoKqPU=
github.com/aws/aws-sdk-go-v2/service/sso v1.33.1 h1:GBLnqpnDEn/+vnBGlxAJ4+jopfzW7vVT0++jLPgWN9A=
github.com/aws/aws-sdk-go-v2/service/sso v1.33.1/go.mod h1:RK3AEzTbSEbGLQDd3qPA5ZLXm6mfB9shq5sbiuaF7AU=
github.com/aws/aws-sdk-go-v2/service/ssooidc v1.38.1 h1:1DWsRED+rRzFQ1rDWpwkipw67tp4kyQByQg9POWYl80=
github.com/aws/aws-sdk-go-v2/service/ssooidc v1.38.1/go.mod h1:nadMS3uTrTANeD214BBuPg/SJpJ/UhBiNuqN1Z2Ay4c=
github.com/aws/aws-sdk-go-v2/service/sts v1.45.1 h1:JugCuomdxnZwjp5xvqSuPgeWRecAvkno7EwXmR/ZXWE=
github.com/aws/aws-sdk-go-v2/service/sts v1.45.1/go.mod h1:dtViDu/XqU2gq1eeTFz7Ijb7xCHoso8CaBOqYVshoqc=
github.com/aws/smithy-go v1.27.5 h1:d1ro7KpYOYwP6m73YFa+Kc/A130VsAdX68SpsJwARMM=
github.com/aws/smithy-go v1.27.5/go.mod h1:YE2RhdIuDbA5E5bTdciG9KrW3+TiEONeUWCqxX9i1Fc=
github.com/blang/semver/v4 v4.0.0 h1:1PFHFE6yCCTv8C1TeyNNarDzntLi7wMI5i/pzqYIsAM=
github.com/blang/semver/v4 v4.0.0/go.mod h1:IbckMUScFkM3pff0VJDNKRiT6TG/YpiHIM2yvyW5YoQ=
github.com/brianvoe/gofakeit/v7 v7.7.3 h1:RWOATEGpJ5EVg2nN8nlaEyaV/aB4d6c3GqYrbqQekss=
github.com/brianvoe/gofakeit/v7 v7.7.3/go.mod h1:QXuPeBw164PJCzCUZVmgpgHJ3Llj49jSLVkKPMtxtxA=
github.com/cenkalti/backoff/v4 v4.3.0 h1:MyRJ/UdXutAwSAT+s3wNd7MfTIcy71VQueUuFK343L8=
github.com/cenkalti/backoff/v4 v4.3.0/go.mod h1:Y3VNntkOUPxTVeUxJ/G5vcM//AlwfmyYozVcomhLiZE=
github.com/cenkalti/backoff/v5 v5.0.3 h1:ZN+IMa753KfX5hd8vVaMixjnqRZ3y8CuJKRKj1xcsSM=
github.com/cenkalti/backoff/v5 v5.0.3/go.mod h1:rkhZdG3JZukswDf7f0cwqPNk4K0sa+F97BxZthm/crw=
github.com/cespare/xxhash/v2 v2.3.0 h1:UL815xU9SqsFlibzuggzjXhog7bL6oX9BbNZnL2UFvs=
github.com/cespare/xxhash/v2 v2.3.0/go.mod h1:VGX0DQ3Q6kWi7AoAeZDth3/j3BFtOZR5XLFGgcrjCOs=
github.com/cloudflare/circl v1.6.3 h1:9GPOhQGF9MCYUeXyMYlqTR6a5gTrgR/fBLXvUgtVcg8=
github.com/cloudflare/circl v1.6.3/go.mod h1:2eXP6Qfat4O/Yhh8BznvKnJ+uzEoTQ6jVKJRn81BiS4=
github.com/containerd/go-cni v1.1.13 h1:eFSGOKlhoYNxpJ51KRIMHZNlg5UgocXEIEBGkY7Hnis=
github.com/containerd/go-cni v1.1.13/go.mod h1:nTieub0XDRmvCZ9VI/SBG6PyqT95N4FIhxsauF1vSBI=
github.com/containernetworking/cni v1.3.0 h1:v6EpN8RznAZj9765HhXQrtXgX+ECGebEYEmnuFjskwo=
github.com/containernetworking/cni v1.3.0/go.mod h1:Bs8glZjjFfGPHMw6hQu82RUgEPNGEaBb9KS5KtNMnJ4=
github.com/cosi-project/runtime v1.14.1 h1:1mxuH0zGXdJIy6762kaQsd+7C9MmzzuvIVIfWd867Os=
github.com/cosi-project/runtime v1.14.1/go.mod h1:SfzpfNx7YwK8byi1X6ytikDXVMmbC7UpiCWdzntRf8M=
github.com/cyphar/filepath-securejoin v0.6.1 h1:5CeZ1jPXEiYt3+Z6zqprSAgSWiggmpVyciv8syjIpVE=
github.com/cyphar/filepath-securejoin v0.6.1/go.mod h1:A8hd4EnAeyujCJRrICiOWqjS1AX0a9kM5XL+NwKoYSc=
github.com/davecgh/go-spew v1.1.0/go.mod h1:J7Y8YcW2NihsgmVo/mv3lAwl/skON4iLHjSsI+c5H38=
github.com/davecgh/go-spew v1.1.1/go.mod h1:J7Y8YcW2NihsgmVo/mv3lAwl/skON4iLHjSsI+c5H38=
github.com/davecgh/go-spew v1.1.2-0.20180830191138-d8f796af33cc h1:U9qPSI2PIWSS1VwoXQT9A3Wy9MM3WgvqSxFWenqJduM=
github.com/davecgh/go-spew v1.1.2-0.20180830191138-d8f796af33cc/go.mod h1:J7Y8YcW2NihsgmVo/mv3lAwl/skON4iLHjSsI+c5H38=
github.com/dustin/go-humanize v1.0.1 h1:GzkhY7T5VNhEkwH0PVJgjz+fX1rhBrR7pRT3mDkpeCY=
github.com/dustin/go-humanize v1.0.1/go.mod h1:Mu1zIs6XwVuF/gI1OepvI0qD18qycQx+mFykh5fBlto=
github.com/elazarl/goproxy v1.7.2 h1:Y2o6urb7Eule09PjlhQRGNsqRfPmYI3KKQLFpCAV3+o=
github.com/elazarl/goproxy v1.7.2/go.mod h1:82vkLNir0ALaW14Rc399OTTjyNREgmdL2cVoIbS6XaE=
github.com/emirpasic/gods v1.18.1 h1:FXtiHYKDGKCW2KzwZKx0iC0PQmdlorYgdFG9jPXJ1Bc=
github.com/emirpasic/gods v1.18.1/go.mod h1:8tpGGwCnJ5H4r6BWwaV6OrWmMoPhUl5jm/FMNAnJvWQ=
github.com/gertd/go-pluralize v0.2.1 h1:M3uASbVjMnTsPb0PNqg+E/24Vwigyo/tvyMTtAlLgiA=
github.com/gertd/go-pluralize v0.2.1/go.mod h1:rbYaKDbsXxmRfr8uygAEKhOWsjyrrqrkHVpZvoOp8zk=
github.com/getsentry/sentry-go v0.48.0 h1:FRZNr7Uk1C86ev1bSJmYlUkL9oyivQA6YOcdYfaaMmY=
github.com/getsentry/sentry-go v0.48.0/go.mod h1:E5UkA5wp1qR2+MDydNYlVeUiNN2xEdjYMidkgf0Qoss=
github.com/gliderlabs/ssh v0.3.8 h1:a4YXD1V7xMF9g5nTkdfnja3Sxy1PVDCj1Zg4Wb8vY6c=
github.com/gliderlabs/ssh v0.3.8/go.mod h1:xYoytBv1sV0aL3CavoDuJIQNURXkkfPA/wxQ1pL1fAU=
github.com/go-errors/errors v1.4.2 h1:J6MZopCL4uSllY1OfXM374weqZFFItUbrImctkmUxIA=
github.com/go-errors/errors v1.4.2/go.mod h1:sIVyrIiJhuEF+Pj9Ebtd6P/rEYROXFi3BopGUQ5a5Og=
github.com/go-git/gcfg v1.5.1-0.20230307220236-3a3c6141e376 h1:+zs/tPmkDkHx3U66DAb0lQFJrpS6731Oaa12ikc+DiI=
github.com/go-git/gcfg v1.5.1-0.20230307220236-3a3c6141e376/go.mod h1:an3vInlBmSxCcxctByoQdvwPiA7DTK7jaaFDBTtu0ic=
github.com/go-git/go-billy/v5 v5.9.0 h1:jItGXszUDRtR/AlferWPTMN4j38BQ88XnXKbilmmBPA=
github.com/go-git/go-billy/v5 v5.9.0/go.mod h1:jCnQMLj9eUgGU7+ludSTYoZL/GGmii14RxKFj7ROgHw=
github.com/go-git/go-git-fixtures/v4 v4.3.2-0.20231010084843-55a94097c399 h1:eMje31YglSBqCdIqdhKBW8lokaMrL3uTkpGYlE2OOT4=
github.com/go-git/go-git-fixtures/v4 v4.3.2-0.20231010084843-55a94097c399/go.mod h1:1OCfN199q1Jm3HZlxleg+Dw/mwps2Wbk9frAWm+4FII=
github.com/go-git/go-git/v5 v5.19.2 h1:wkfn7vOlUBu8ivAWKBWisTiwJK4jYHzTF8Ndv1LyGqY=
github.com/go-git/go-git/v5 v5.19.2/go.mod h1:QqCBE1EFN5ddFmrliLQ3/ntRCUjZU3EJuwuB/jWEHjk=
github.com/go-logr/logr v1.2.2/go.mod h1:jdQByPbusPIv2/zmleS9BjJVeZ6kBagPoEUsqbVz/1A=
github.com/go-logr/logr v1.4.3 h1:CjnDlHq8ikf6E492q6eKboGOC0T8CDaOvkHCIg8idEI=
github.com/go-logr/logr v1.4.3/go.mod h1:9T104GzyrTigFIr8wt5mBrctHMim0Nb2HLGrmQ40KvY=
github.com/go-logr/stdr v1.2.2 h1:hSWxHoqTgW2S2qGc0LTAI563KZ5YKYRhT3MFKZMbjag=
github.com/go-logr/stdr v1.2.2/go.mod h1:mMo/vtBO5dYbehREoey6XUKy/eSumjCCveDpRre4VKE=
github.com/go-task/slim-sprig/v3 v3.0.0 h1:sUs3vkvUymDpBKi3qH1YSqBQk9+9D/8M2mN1vB6EwHI=
github.com/go-task/slim-sprig/v3 v3.0.0/go.mod h1:W848ghGpv3Qj3dhTPRyJypKRiqCdHZiAzKg9hl15HA8=
github.com/go-test/deep v1.0.3 h1:ZrJSEWsXzPOxaZnFteGEfooLba+ju3FYIbOrS+rQd68=
github.com/go-test/deep v1.0.3/go.mod h1:wGDj63lr65AM2AQyKZd/NYHGb0R+1RLqB8NKt3aSFNA=
github.com/golang-jwt/jwt/v5 v5.3.1 h1:kYf81DTWFe7t+1VvL7eS+jKFVWaUnK9cB1qbwn63YCY=
github.com/golang-jwt/jwt/v5 v5.3.1/go.mod h1:fxCRLWMO43lRc8nhHWY6LGqRcf+1gQWArsqaEUEa5bE=
github.com/golang/groupcache v0.0.0-20241129210726-2c02b8208cf8 h1:f+oWsMOmNPc8JmEHVZIycC7hBoQxHH9pNKQORJNozsQ=
github.com/golang/groupcache v0.0.0-20241129210726-2c02b8208cf8/go.mod h1:wcDNUvekVysuuOpQKo3191zZyTpiI6se1N1ULghS0sw=
github.com/golang/protobuf v1.5.4 h1:i7eJL8qZTpSEXOPTxNKhASYpMn+8e5Q6AdndVa1dWek=
github.com/golang/protobuf v1.5.4/go.mod h1:lnTiLA8Wa4RWRcIUkrtSVa5nRhsEGBg48fD6rSs7xps=
github.com/google/cel-go v0.27.0 h1:e7ih85+4qVrBuqQWTW4FKSqZYokVuc3HnhH5keboFTo=
github.com/google/cel-go v0.27.0/go.mod h1:tTJ11FWqnhw5KKpnWpvW9CJC3Y9GK4EIS0WXnBbebzw=
github.com/google/go-cmp v0.7.0 h1:wk8382ETsv4JYUZwIsn6YpYiWiBsYLSJiTsyBybVuN8=
github.com/google/go-cmp v0.7.0/go.mod h1:pXiqmnSA92OHEEa9HXL2W4E7lf9JzCmGVUdgjX3N/iU=
github.com/google/pprof v0.0.0-20240727154555-813a5fbdbec8 h1:FKHo8hFI3A+7w0aUQuYXQ+6EN5stWmeY/AZqtM8xk9k=
github.com/google/pprof v0.0.0-20240727154555-813a5fbdbec8/go.mod h1:K1liHPHnj73Fdn/EKuT8nrFqBihUSKXoLYU0BuatOYo=
github.com/google/uuid v1.6.0 h1:NIvaJDMOsjHA8n1jAhLSgzrAzy1Hgr+hNrb57e+94F0=
github.com/google/uuid v1.6.0/go.mod h1:TIyPZe4MgqvfeYDBFedMoGGpEw/LqOeaOT+nhxU+yHo=
github.com/grpc-ecosystem/grpc-gateway/v2 v2.29.0 h1:5VipnvEpbqr2gA2VbM+nYVbkIF28c5ZQfqCBQ5g2xfk=
github.com/grpc-ecosystem/grpc-gateway/v2 v2.29.0/go.mod h1:Hyl3n6Twe1hvtd9XUXDec4pTvgMSEixRuQKPTMH2bNs=
github.com/hashicorp/errwrap v1.0.0/go.mod h1:YH+1FKiLXxHSkmPseP+kNlulaMuP3n2brvKWEqk/Jc4=
github.com/hashicorp/errwrap v1.1.0 h1:OxrOeh75EUXMY8TBjag2fzXGZ40LB6IKw45YeGUDY2I=
github.com/hashicorp/errwrap v1.1.0/go.mod h1:YH+1FKiLXxHSkmPseP+kNlulaMuP3n2brvKWEqk/Jc4=
github.com/hashicorp/go-cleanhttp v0.5.2 h1:035FKYIWjmULyFRBKPs8TBQoi0x6d9G4xc9neXJWAZQ=
github.com/hashicorp/go-cleanhttp v0.5.2/go.mod h1:kO/YDlP8L1346E6Sodw+PrpBSV4/SoxCXGY6BqNFT48=
github.com/hashicorp/go-multierror v1.1.1 h1:H5DkEtf6CXdFp0N0Em5UCwQpXMWke8IA0+lD48awMYo=
github.com/hashicorp/go-multierror v1.1.1/go.mod h1:iw975J/qwKPdAO1clOe2L8331t/9/fmwbPZ6JB6eMoM=
github.com/hashicorp/go-retryablehttp v0.7.8 h1:ylXZWnqa7Lhqpk0L1P1LzDtGcCR0rPVUrx/c8Unxc48=
github.com/hashicorp/go-retryablehttp v0.7.8/go.mod h1:rjiScheydd+CxvumBsIrFKlx3iS0jrZ7LvzFGFmuKbw=
github.com/hashicorp/go-version v1.9.0 h1:CeOIz6k+LoN3qX9Z0tyQrPtiB1DFYRPfCIBtaXPSCnA=
github.com/hashicorp/go-version v1.9.0/go.mod h1:fltr4n8CU8Ke44wwGCBoEymUuxUHl09ZGVZPK5anwXA=
github.com/hashicorp/hc-install v0.9.5 h1:XHCjcMn2563ysuaQ9v9ec2FNc7c2PJOIEEGobAFeIx4=
github.com/hashicorp/hc-install v0.9.5/go.mod h1:ihEW4LshrNkxq2bU/MpVbKyn+yt1is2hYqUTHDGhG84=
github.com/hashicorp/hcl/v2 v2.24.0 h1:2QJdZ454DSsYGoaE6QheQZjtKZSUs9Nh2izTWiwQxvE=
github.com/hashicorp/hcl/v2 v2.24.0/go.mod h1:oGoO1FIQYfn/AgyOhlg9qLC6/nOJPX3qGbkZpYAcqfM=
github.com/hashicorp/terraform-exec v0.25.2 h1:fFLAVEtAjKdGfawGUXDnKooCnqJi+TuohT3W99AGbhk=
github.com/hashicorp/terraform-exec v0.25.2/go.mod h1:uaQV2oqVLqM4cixJryk6qIWS1qji3GtuwPG5pjGXYfc=
github.com/hashicorp/terraform-json v0.28.0 h1:dOkJT55rWfU6T1/VklHde51ym4LfNP+9xYR3ZizAJe4=
github.com/hashicorp/terraform-json v0.28.0/go.mod h1:PJIRf+Yzu5iLb52c/xYp1tUOL4jzMzfIAB5gvWWKIWE=
github.com/jbenet/go-context v0.0.0-20150711004518-d14ea06fba99 h1:BQSFePA1RWJOlocH6Fxy8MmwDt+yVQYULKfN0RoTN8A=
github.com/jbenet/go-context v0.0.0-20150711004518-d14ea06fba99/go.mod h1:1lJo3i6rXxKeerYnT8Nvf0QmHCRC1n8sfWVwXF2Frvo=
github.com/jsimonetti/rtnetlink/v2 v2.2.1-0.20260317095713-310581b9c6ac h1:UfziP9RaDM6D+f+yNdL3T/N1DztwltLDGBkpybF/fYs=
github.com/jsimonetti/rtnetlink/v2 v2.2.1-0.20260317095713-310581b9c6ac/go.mod h1:A/gqt1BEMJcvzGQJXQ3SnsDOQL7QRNhxTiC3eb++608=
github.com/kevinburke/ssh_config v1.2.0 h1:x584FjTGwHzMwvHx18PXxbBVzfnxogHaAReU4gf13a4=
github.com/kevinburke/ssh_config v1.2.0/go.mod h1:CT57kijsi8u/K/BOFA39wgDQJ9CxiF4nAY/ojJ6r6mM=
github.com/keybase/go-keychain v0.0.1 h1:way+bWYa6lDppZoZcgMbYsvC7GxljxrskdNInRtuthU=
github.com/keybase/go-keychain v0.0.1/go.mod h1:PdEILRW3i9D8JcdM+FmY6RwkHGnhHxXwkPPMeUgOK1k=
github.com/klauspost/cpuid/v2 v2.3.0 h1:S4CRMLnYUhGeDFDqkGriYKdfoFlDnMtqTiI/sFzhA9Y=
github.com/klauspost/cpuid/v2 v2.3.0/go.mod h1:hqwkgyIinND0mEev00jJYCxPNVRVXFQeu1XKlok6oO0=
github.com/kr/pretty v0.1.0/go.mod h1:dAy3ld7l9f0ibDNOQOHHMYYIIbhfbHSm3C4ZsoJORNo=
github.com/kr/pretty v0.3.1 h1:flRD4NNwYAUpkphVc1HcthR4KEIFJ65n8Mw5qdRn3LE=
github.com/kr/pretty v0.3.1/go.mod h1:hoEshYVHaxMs3cyo3Yncou5ZscifuDolrwPKZanG3xk=
github.com/kr/pty v1.1.1/go.mod h1:pFQYn66WHrOpPYNljwOMqo10TkYh1fy3cYio2l3bCsQ=
github.com/kr/text v0.1.0/go.mod h1:4Jbv+DJW3UT/LiOwJeYQe1efqtUx/iVham/4vfdArNI=
github.com/kr/text v0.2.0 h1:5Nx0Ya0ZqY2ygV366QzturHI13Jq95ApcVaJBhpS+AY=
github.com/kr/text v0.2.0/go.mod h1:eLer722TekiGuMkidMxC/pM04lWEeraHUUmBw8l2grE=
github.com/kylelemons/godebug v1.1.0 h1:RPNrshWIDI6G2gRW9EHilWtl7Z6Sb1BR0xunSBf0SNc=
github.com/kylelemons/godebug v1.1.0/go.mod h1:9/0rRGxNHcop5bhtWyNeEfOS8JIWk580+fNqagV/RAw=
github.com/mdlayher/ethtool v0.5.1 h1:U4GThY6WgNJUJsMrUzBmoOTdQHFWxFPTHTeNnn3GCvU=
github.com/mdlayher/ethtool v0.5.1/go.mod h1:Pz39PaAy96Ea1SrCvEO/pPEAeULvRJjO6zspuEMhJy4=
github.com/mdlayher/genetlink v1.3.2 h1:KdrNKe+CTu+IbZnm/GVUMXSqBBLqcGpRDa0xkQy56gw=
github.com/mdlayher/genetlink v1.3.2/go.mod h1:tcC3pkCrPUGIKKsCsp0B3AdaaKuHtaxoJRz3cc+528o=
github.com/mdlayher/netlink v1.9.0 h1:G8+GLq2x3v4D4MVIqDdNUhTUC7TKiCy/6MDkmItfKco=
github.com/mdlayher/netlink v1.9.0/go.mod h1:YBnl5BXsCoRuwBjKKlZ+aYmEoq0r12FDA/3JC+94KDg=
github.com/mdlayher/socket v0.5.1 h1:VZaqt6RkGkt2OE9l3GcC6nZkqD3xKeQLyfleW/uBcos=
github.com/mdlayher/socket v0.5.1/go.mod h1:TjPLHI1UgwEv5J1B5q0zTZq12A/6H7nKmtTanQE37IQ=
github.com/mitchellh/go-wordwrap v1.0.1 h1:TLuKupo69TCn6TQSyGxwI1EblZZEsQ0vMlAFQflz0v0=
github.com/mitchellh/go-wordwrap v1.0.1/go.mod h1:R62XHJLzvMFRBbcrT7m7WgmE1eOyTSsCt+hzestvNj0=
github.com/onsi/ginkgo/v2 v2.20.1 h1:YlVIbqct+ZmnEph770q9Q7NVAz4wwIiVNahee6JyUzo=
github.com/onsi/ginkgo/v2 v2.20.1/go.mod h1:lG9ey2Z29hR41WMVthyJBGUBcBhGOtoPF2VFMvBXFCI=
github.com/onsi/gomega v1.35.1 h1:Cwbd75ZBPxFSuZ6T+rN/WCb/gOc6YgFBXLlZLhC7Ds4=
github.com/onsi/gomega v1.35.1/go.mod h1:PvZbdDc8J6XJEpDK4HCuRBm8a6Fzp9/DmhC9C7yFlog=
github.com/opencontainers/go-digest v1.0.0 h1:apOUWs51W5PlhuyGyz9FCeeBIOUDA/6nW8Oi/yOhh5U=
github.com/opencontainers/go-digest v1.0.0/go.mod h1:0JzlMkj0TRzQZfJkVvzbP0HBR3IKzErnv2BNG4W4MAM=
github.com/opencontainers/image-spec v1.1.1 h1:y0fUlFfIZhPF1W537XOLg0/fcx6zcHCJwooC2xJA040=
github.com/opencontainers/image-spec v1.1.1/go.mod h1:qpqAh3Dmcf36wStyyWU+kCeDgrGnAve2nCC8+7h8Q0M=
github.com/opencontainers/runtime-spec v1.3.0 h1:YZupQUdctfhpZy3TM39nN9Ika5CBWT5diQ8ibYCRkxg=
github.com/opencontainers/runtime-spec v1.3.0/go.mod h1:jwyrGlmzljRJv/Fgzds9SsS/C5hL+LL3ko9hs6T5lQ0=
github.com/petermattis/goid v0.0.0-20240813172612-4fcff4a6cae7 h1:Dx7Ovyv/SFnMFw3fD4oEoeorXc6saIiQ23LrGLth0Gw=
github.com/petermattis/goid v0.0.0-20240813172612-4fcff4a6cae7/go.mod h1:pxMtw7cyUw6B2bRH0ZBANSPg+AoSud1I1iyJHI69jH4=
github.com/pingcap/errors v0.11.4 h1:lFuQV/oaUMGcD2tqt+01ROSmJs75VG1ToEOkZIZ4nE4=
github.com/pingcap/errors v0.11.4/go.mod h1:Oi8TUi2kEtXXLMJk9l1cGmz20kV3TaQ0usTwv5KuLY8=
github.com/pjbgf/sha1cd v0.6.0 h1:3WJ8Wz8gvDz29quX1OcEmkAlUg9diU4GxJHqs0/XiwU=
github.com/pjbgf/sha1cd v0.6.0/go.mod h1:lhpGlyHLpQZoxMv8HcgXvZEhcGs0PG/vsZnEJ7H0iCM=
github.com/pkg/browser v0.0.0-20240102092130-5ac0b6a4141c h1:+mdjkGKdHQG3305AYmdv1U2eRNDiU2ErMBj1gwrq8eQ=
github.com/pkg/browser v0.0.0-20240102092130-5ac0b6a4141c/go.mod h1:7rwL4CYBLnjLxUqIJNnCWiEdr3bn6IUYi15bNlnbCCU=
github.com/pkg/errors v0.9.1 h1:FEBLx1zS214owpjy7qsBeixbURkuhQAwrK5UwLGTwt4=
github.com/pkg/errors v0.9.1/go.mod h1:bwawxfHBFNV+L2hUp1rHADufV3IMtnDRdf1r5NINEl0=
github.com/planetscale/vtprotobuf v0.6.1-0.20250313105119-ba97887b0a25 h1:S1hI5JiKP7883xBzZAr1ydcxrKNSVNm7+3+JwjxZEsg=
github.com/planetscale/vtprotobuf v0.6.1-0.20250313105119-ba97887b0a25/go.mod h1:ZQntvDG8TkPgljxtA0R9frDoND4QORU1VXz015N5Ks4=
github.com/pmezard/go-difflib v1.0.0/go.mod h1:iKH77koFhYxTK1pcRnkKkqfTogsbg7gZNVY4sRDYZ/4=
github.com/pmezard/go-difflib v1.0.1-0.20181226105442-5d4384ee4fb2 h1:Jamvg5psRIccs7FGNTlIRMkT8wgtp5eCXdBlqhYGL6U=
github.com/pmezard/go-difflib v1.0.1-0.20181226105442-5d4384ee4fb2/go.mod h1:iKH77koFhYxTK1pcRnkKkqfTogsbg7gZNVY4sRDYZ/4=
github.com/rogpeppe/go-internal v1.14.1 h1:UQB4HGPB6osV0SQTLymcB4TgvyWu6ZyliaW0tI/otEQ=
github.com/rogpeppe/go-internal v1.14.1/go.mod h1:MaRKkUm5W0goXpeCfT7UZI6fk/L7L7so1lCWt35ZSgc=
github.com/ryanuber/go-glob v1.0.0 h1:iQh3xXAumdQ+4Ufa5b25cRpC5TYKlno6hsv6Cb3pkBk=
github.com/ryanuber/go-glob v1.0.0/go.mod h1:807d1WSdnB0XRJzKNil9Om6lcp/3a0v4qIHxIXzX/Yc=
github.com/sasha-s/go-deadlock v0.3.5 h1:tNCOEEDG6tBqrNDOX35j/7hL5FcFViG6awUGROb2NsU=
github.com/sasha-s/go-deadlock v0.3.5/go.mod h1:bugP6EGbdGYObIlx7pUZtWqlvo8k9H6vCBBsiChJQ5U=
github.com/sergi/go-diff v1.3.2-0.20230802210424-5b0b94c5c0d3 h1:n661drycOFuPLCN3Uc8sB6B/s6Z4t2xvBgU1htSHuq8=
github.com/sergi/go-diff v1.3.2-0.20230802210424-5b0b94c5c0d3/go.mod h1:A0bzQcvG0E7Rwjx0REVgAGH58e96+X0MeOfepqsbeW4=
github.com/siderolabs/crypto v0.6.5 h1:Elq5tpWP2ApZ4Y+Kg+eIDiiWbmriCPI1mjYIMwvsYkw=
github.com/siderolabs/crypto v0.6.5/go.mod h1:QjVcrdJQE1sxhjHqieCgwGdlIYq/xCP2DL53Up8nbU4=
github.com/siderolabs/gen v0.8.7 h1:Nu31kL0ln/facRHBfNX7zcB7w9VZ9tifXKsP4lUtWHw=
github.com/siderolabs/gen v0.8.7/go.mod h1:J9IbusbES2W6QWjtSHpDV9iPGZHc978h1+KJ4oQRspQ=
github.com/siderolabs/go-api-signature v0.3.12 h1:i1X+kPh9fzo+lEjtEplZSbtq1p21vKv4FCWJcB/ozvk=
github.com/siderolabs/go-api-signature v0.3.12/go.mod h1:dPLiXohup4qHX7KUgF/wwOE3lRU5uAr3ssEomNxiyxY=
github.com/siderolabs/go-pointer v1.0.1 h1:f7Yi4IK1jptS8yrT9GEbwhmGcVxvPQgBUG/weH3V3DM=
github.com/siderolabs/go-pointer v1.0.1/go.mod h1:C8Q/3pNHT4RE9e4rYR9PHeS6KPMlStRBgYrJQJNy/vA=
github.com/siderolabs/go-retry v0.3.3 h1:zKV+S1vumtO72E6sYsLlmIdV/G/GcYSBLiEx/c9oCEg=
github.com/siderolabs/go-retry v0.3.3/go.mod h1:Ff/VGc7v7un4uQg3DybgrmOWHEmJ8BzZds/XNn/BqMI=
github.com/siderolabs/net v0.4.0 h1:1bOgVay/ijPkJz4qct98nHsiB/ysLQU0KLoBC4qLm7I=
github.com/siderolabs/net v0.4.0/go.mod h1:/ibG+Hm9HU27agp5r9Q3eZicEfjquzNzQNux5uEk0kM=
github.com/siderolabs/protoenc v0.2.4 h1:D3Fpn2nQSQOhl8ZlAxijZAf7K6F8CM1uZq0afIGsr8Q=
github.com/siderolabs/protoenc v0.2.4/go.mod h1:i5XLHjfv5vyi7LhQrSEo19HCA+lYtDd7CWxsoWp9XE8=
github.com/siderolabs/talos/pkg/machinery v1.13.7 h1:0cPB37GT83zDKYueh2saaet3wXy00mUdkQcdPqrbK60=
github.com/siderolabs/talos/pkg/machinery v1.13.7/go.mod h1:2PtzQFjql5bg9YNp8gv1vARJT5rhmBUtoj1+fYXbLk8=
github.com/sirupsen/logrus v1.7.0/go.mod h1:yWOB1SBYBC5VeMP7gHvWumXLIWorT60ONWic61uBYv0=
github.com/skeema/knownhosts v1.3.1 h1:X2osQ+RAjK76shCbvhHHHVl3ZlgDm8apHEHFqRjnBY8=
github.com/skeema/knownhosts v1.3.1/go.mod h1:r7KTdC8l4uxWRyK2TpQZ/1o5HaSzh06ePQNxPwTcfiY=
github.com/stretchr/objx v0.1.0/go.mod h1:HFkY916IF+rwdDfMAkV7OtwuqBVzrE8GR6GFx+wExME=
github.com/stretchr/objx v0.4.0 h1:M2gUjqZET1qApGOWNSnZ49BAIMX4F/1plDv3+l31EJ4=
github.com/stretchr/objx v0.4.0/go.mod h1:YvHI0jy2hoMjB+UWwv71VJQ9isScKT/TqJzVSSt89Yw=
github.com/stretchr/testify v1.2.2/go.mod h1:a8OnRcib4nhh0OaRAV+Yts87kKdq0PP7pXfy6kDkUVs=
github.com/stretchr/testify v1.4.0/go.mod h1:j7eGeouHqKxXV5pUuKE4zz7dFj8WfuZ+81PSLYec5m4=
github.com/stretchr/testify v1.11.1 h1:7s2iGBzp5EwR7/aIZr8ao5+dra3wiQyKjjFuvgVKu7U=
github.com/stretchr/testify v1.11.1/go.mod h1:wZwfW3scLgRK+23gO65QZefKpKQRnfz6sD981Nm4B6U=
github.com/vishvananda/netns v0.0.4 h1:Oeaw1EM2JMxD51g9uhtC0D7erkIjgmj8+JZc26m1YX8=
github.com/vishvananda/netns v0.0.4/go.mod h1:SpkAiCQRtJ6TvvxPnOSyH3BMl6unz3xZlaprSwhNNJM=
github.com/xanzy/ssh-agent v0.3.3 h1:+/15pJfg/RsTxqYcX6fHqOXZwwMP+2VyYWJeWM2qQFM=
github.com/xanzy/ssh-agent v0.3.3/go.mod h1:6dzNDKs0J9rVPHPhaGCukekBHKqfl+L3KghI1Bc68Uw=
github.com/yuin/goldmark v1.4.13/go.mod h1:6yULJ656Px+3vBD8DxQVa3kxgyrAnzto9xy5taEt/CY=
github.com/zclconf/go-cty v1.19.0 h1:IV8WdqYZc2c5rLX9bEoLNXKojBAp0MZPBHMIrCoa/s4=
github.com/zclconf/go-cty v1.19.0/go.mod h1:12W89jGn3JCOIQi7infWr9m80rOkb5RNYJqXMZcN4c8=
github.com/zclconf/go-cty-debug v0.0.0-20240509010212-0d6042c53940 h1:4r45xpDWB6ZMSMNJFMOjqrGHynW3DIBuR2H9j0ug+Mo=
github.com/zclconf/go-cty-debug v0.0.0-20240509010212-0d6042c53940/go.mod h1:CmBdvvj3nqzfzJ6nTCIwDTPZ56aVGvDrmztiO5g3qrM=
go.opentelemetry.io/auto/sdk v1.2.1 h1:jXsnJ4Lmnqd11kwkBV2LgLoFMZKizbCi5fNZ/ipaZ64=
go.opentelemetry.io/auto/sdk v1.2.1/go.mod h1:KRTj+aOaElaLi+wW1kO/DZRXwkF4C5xPbEe3ZiIhN7Y=
go.opentelemetry.io/otel v1.44.0 h1:JjwHmHpA4iZ3wBxluu2fbbE7j4kqlE8jXyAyPXH7HqU=
go.opentelemetry.io/otel v1.44.0/go.mod h1:BMgjTHL9WPRlRjL2oZCBTL4whCGtXch2H4BhOPIAyYc=
go.opentelemetry.io/otel/exporters/otlp/otlpmetric/otlpmetrichttp v1.44.0 h1:RuynHbfU8JUEw7DyONgkVYg2SVtsoF28y0LGIr69jgA=
go.opentelemetry.io/otel/exporters/otlp/otlpmetric/otlpmetrichttp v1.44.0/go.mod h1:qZF+/lBs71APw8mlnEZcqZHMzqrYrsFiJOv83lX1OGo=
go.opentelemetry.io/otel/exporters/otlp/otlptrace v1.44.0 h1:4YsVu3B8+3qtWYYrsUYgn0OG78pN0rnNPRGX4SbokQI=
go.opentelemetry.io/otel/exporters/otlp/otlptrace v1.44.0/go.mod h1:+wnlSn0mD1ADVMe3v9Z/WIaiz6q6gL2J/ejaAmdmv80=
go.opentelemetry.io/otel/exporters/otlp/otlptrace/otlptracehttp v1.44.0 h1:lgh3PiVrRUWMLOVSkQicxzZll5NjF1r+AtsX1XRIHw0=
go.opentelemetry.io/otel/exporters/otlp/otlptrace/otlptracehttp v1.44.0/go.mod h1:5Cnhth3m/AgOeTgE3ex12pPmiu/gGtZit03kSzx9X7s=
go.opentelemetry.io/otel/metric v1.44.0 h1:1w0gILTcHdr3YI+ixLyjemwrVnsMURbTZFrSYCdDdmc=
go.opentelemetry.io/otel/metric v1.44.0/go.mod h1:8O7hanEPBNgEMmybD3s2VBKcgWOCsA6tzHBPODAiquo=
go.opentelemetry.io/otel/metric/x v0.66.0 h1:YkCrx1zLOChi9ZcZ6euupOcsgzbVlec7D/xoEU1+cTA=
go.opentelemetry.io/otel/metric/x v0.66.0/go.mod h1:d1+BDj9t96do0/1LoU1ayfCv79ZgNE41qbhBvnMOBZk=
go.opentelemetry.io/otel/sdk v1.44.0 h1:nHYwb9lK+fJPU/dnT6s7W7Z8itMWyqrnVfbheVYrZ58=
go.opentelemetry.io/otel/sdk v1.44.0/go.mod h1:Osuydd3Se74nqjAKxid74N5eC+jfEqfTegHRnq58oK0=
go.opentelemetry.io/otel/sdk/metric v1.44.0 h1:3LlKgI+VjbVsjNRFZJZAJ30WjXC5VkNRks6si09iEfI=
go.opentelemetry.io/otel/sdk/metric v1.44.0/go.mod h1:5B5pMARnXxKhltooO4xUuCBorl65a4EpnTalObqOigA=
go.opentelemetry.io/otel/trace v1.44.0 h1:jxF5CsGYCe74MCRx2X4g7WsY/VBKRqqpNvXlX/6gtIk=
go.opentelemetry.io/otel/trace v1.44.0/go.mod h1:oLl1jrMQAVo6v3GAggN+1VH9VIz9iUSvW53sW1Q8PIE=
go.opentelemetry.io/proto/otlp v1.10.0 h1:IQRWgT5srOCYfiWnpqUYz9CVmbO8bFmKcwYxpuCSL2g=
go.opentelemetry.io/proto/otlp v1.10.0/go.mod h1:/CV4QoCR/S9yaPj8utp3lvQPoqMtxXdzn7ozvvozVqk=
go.uber.org/goleak v1.3.0 h1:2K3zAYmnTNqV73imy9J1T3WC+gmCePx2hEGkimedGto=
go.uber.org/goleak v1.3.0/go.mod h1:CoHD4mav9JJNrW/WLlf7HGZPjdw8EucARQHekz1X6bE=
go.uber.org/multierr v1.11.0 h1:blXXJkSxSSfBVBlC76pxqeO+LN3aDfLQo+309xJstO0=
go.uber.org/multierr v1.11.0/go.mod h1:20+QtiLqy0Nd6FdQB9TLXag12DsQkrbs3htMFfDN80Y=
go.uber.org/zap v1.27.1 h1:08RqriUEv8+ArZRYSTXy1LeBScaMpVSTBhCeaZYfMYc=
go.uber.org/zap v1.27.1/go.mod h1:GB2qFLM7cTU87MWRP2mPIjqfIDnGu+VIO4V/SdhGo2E=
go.yaml.in/yaml/v4 v4.0.0-rc.4 h1:UP4+v6fFrBIb1l934bDl//mmnoIZEDK0idg1+AIvX5U=
go.yaml.in/yaml/v4 v4.0.0-rc.4/go.mod h1:aZqd9kCMsGL7AuUv/m/PvWLdg5sjJsZ4oHDEnfPPfY0=
golang.org/x/crypto v0.0.0-20190308221718-c2843e01d9a2/go.mod h1:djNgcEr1/C05ACkg1iLfiJU5Ep61QUkGW8qpdssI0+w=
golang.org/x/crypto v0.0.0-20210921155107-089bfa567519/go.mod h1:GvvjBRRGRdwPK5ydBHafDWAxML/pGHZbMvKqRZ5+Abc=
golang.org/x/crypto v0.0.0-20220622213112-05595931fe9d/go.mod h1:IxCIyHEi3zRg3s0A5j5BB6A9Jmi73HwBIUl50j+osU4=
golang.org/x/crypto v0.53.0 h1:QZ4Muo8THX6CizN2vPPd5fBGHyogrdK9fG4wLPFUsto=
golang.org/x/crypto v0.53.0/go.mod h1:DNLU434OwVakk9PzuwV8w62mAJpRJL3vsgcfp4Qnsio=
golang.org/x/exp v0.0.0-20260410095643-746e56fc9e2f h1:W3F4c+6OLc6H2lb//N1q4WpJkhzJCK5J6kUi1NTVXfM=
golang.org/x/exp v0.0.0-20260410095643-746e56fc9e2f/go.mod h1:J1xhfL/vlindoeF/aINzNzt2Bket5bjo9sdOYzOsU80=
golang.org/x/mod v0.6.0-dev.0.20220419223038-86c51ed26bb4/go.mod h1:jJ57K6gSWd91VN4djpZkiMVwK6gcyfeH4XE8wZrZaV4=
golang.org/x/mod v0.8.0/go.mod h1:iBbtSCu2XBx23ZKBPSOrRkjjQPZFPuis4dIYUhu/chs=
golang.org/x/mod v0.38.0 h1:MECBjubtXD7yj4HrhIUcywNaGeNVUdfVnxmPajOk4yk=
golang.org/x/mod v0.38.0/go.mod h1:V6Xz0pq8TQ3dGqVQ1FVHuelZpAL0uNhSkk9ogYP3c40=
golang.org/x/net v0.0.0-20190620200207-3b0461eec859/go.mod h1:z5CRVTTTmAJ677TzLLGU+0bjPO0LkuOLi4/5GtJWs/s=
golang.org/x/net v0.0.0-20210226172049-e18ecbb05110/go.mod h1:m0MpNAwzfU5UDzcl9v0D8zg8gWTRqZa9RBIspLL5mdg=
golang.org/x/net v0.0.0-20211112202133-69e39bad7dc2/go.mod h1:9nx3DQGgdP8bBQD5qxJ1jj9UTztislL4KSBs9R2vV5Y=
golang.org/x/net v0.0.0-20220722155237-a158d28d115b/go.mod h1:XRhObCWvk6IyKnWLug+ECip1KBveYUHfp+8e9klMJ9c=
golang.org/x/net v0.6.0/go.mod h1:2Tu9+aMcznHK/AK1HMvgo6xiTLG5rD5rZLDS+rp2Bjs=
golang.org/x/net v0.56.0 h1:Rw8j/hFzGvJUZwNBXnAtf5sVDVt+65SK2C7IxCxZt5o=
golang.org/x/net v0.56.0/go.mod h1:D3Ku6r+V6JROoZK144D2XfMHFcMq/0zSfLelVTCFKec=
golang.org/x/oauth2 v0.36.0 h1:peZ/1z27fi9hUOFCAZaHyrpWG5lwe0RJEEEeH0ThlIs=
golang.org/x/oauth2 v0.36.0/go.mod h1:YDBUJMTkDnJS+A4BP4eZBjCqtokkg1hODuPjwiGPO7Q=
golang.org/x/sync v0.0.0-20190423024810-112230192c58/go.mod h1:RxMgew5VJxzue5/jJTE5uejpjVlOe/izrB70Jof72aM=
golang.org/x/sync v0.0.0-20220722155255-886fb9371eb4/go.mod h1:RxMgew5VJxzue5/jJTE5uejpjVlOe/izrB70Jof72aM=
golang.org/x/sync v0.1.0/go.mod h1:RxMgew5VJxzue5/jJTE5uejpjVlOe/izrB70Jof72aM=
golang.org/x/sync v0.22.0 h1:SZjpbeLmrCk4xhRSZFNZW5gFUeCeFgjekvI/+gfScek=
golang.org/x/sync v0.22.0/go.mod h1:9xrNwdLfx4jkKbNva9FpL6vEN7evnE43NNNJQ2LF3+0=
golang.org/x/sys v0.0.0-20190215142949-d0b11bdaac8a/go.mod h1:STP8DvDyc/dI5b8T5hshtkjS+E42TnysNCUPdjciGhY=
golang.org/x/sys v0.0.0-20191026070338-33540a1f6037/go.mod h1:h1NjWce9XRLGQEsW7wpKNCjG9DtNlClVuFLEZdDNbEs=
golang.org/x/sys v0.0.0-20201119102817-f84b799fce68/go.mod h1:h1NjWce9XRLGQEsW7wpKNCjG9DtNlClVuFLEZdDNbEs=
golang.org/x/sys v0.0.0-20210124154548-22da62e12c0c/go.mod h1:h1NjWce9XRLGQEsW7wpKNCjG9DtNlClVuFLEZdDNbEs=
golang.org/x/sys v0.0.0-20210423082822-04245dca01da/go.mod h1:h1NjWce9XRLGQEsW7wpKNCjG9DtNlClVuFLEZdDNbEs=
golang.org/x/sys v0.0.0-20210615035016-665e8c7367d1/go.mod h1:oPkhp1MJrh7nUepCBck5+mAzfO9JrbApNNgaTdGDITg=
golang.org/x/sys v0.0.0-20220520151302-bc2c85ada10a/go.mod h1:oPkhp1MJrh7nUepCBck5+mAzfO9JrbApNNgaTdGDITg=
golang.org/x/sys v0.0.0-20220715151400-c0bba94af5f8/go.mod h1:oPkhp1MJrh7nUepCBck5+mAzfO9JrbApNNgaTdGDITg=
golang.org/x/sys v0.0.0-20220722155257-8c9f86f7a55f/go.mod h1:oPkhp1MJrh7nUepCBck5+mAzfO9JrbApNNgaTdGDITg=
golang.org/x/sys v0.1.0/go.mod h1:oPkhp1MJrh7nUepCBck5+mAzfO9JrbApNNgaTdGDITg=
golang.org/x/sys v0.5.0/go.mod h1:oPkhp1MJrh7nUepCBck5+mAzfO9JrbApNNgaTdGDITg=
golang.org/x/sys v0.46.0 h1:noSf2Fq6F8DBgS+LysIkx7rIExoNHJsxOAtPp4rthXw=
golang.org/x/sys v0.46.0/go.mod h1:4GL1E5IUh+htKOUEOaiffhrAeqysfVGipDYzABqnCmw=
golang.org/x/term v0.0.0-20201126162022-7de9c90e9dd1/go.mod h1:bj7SfCRtBDWHUb9snDiAeCFNEtKQo2Wmx5Cou7ajbmo=
golang.org/x/term v0.0.0-20210927222741-03fcf44c2211/go.mod h1:jbD1KX2456YbFQfuXm/mYQcufACuNUgVhRMnK/tPxf8=
golang.org/x/term v0.5.0/go.mod h1:jMB1sMXY+tzblOD4FWmEbocvup2/aLOaQEp7JmGp78k=
golang.org/x/term v0.44.0 h1:0rLvDRCtNj0gZkyIXhCyOb2OAzEhLVqc4B+hrsBhrmc=
golang.org/x/term v0.44.0/go.mod h1:7ze4MdzUzLXpSAoFP1H0bOI9aXDqveSvatT5vKcFh2Y=
golang.org/x/text v0.3.0/go.mod h1:NqM8EUOU14njkJ3fqMW+pc6Ldnwhi/IjpwHt7yyuwOQ=
golang.org/x/text v0.3.3/go.mod h1:5Zoc/QRtKVWzQhOtBMvqHzDpF6irO9z98xDceosuGiQ=
golang.org/x/text v0.3.6/go.mod h1:5Zoc/QRtKVWzQhOtBMvqHzDpF6irO9z98xDceosuGiQ=
golang.org/x/text v0.3.7/go.mod h1:u+2+/6zg+i71rQMx5EYifcz6MCKuco9NR6JIITiCfzQ=
golang.org/x/text v0.7.0/go.mod h1:mrYo+phRRbMaCq/xk9113O4dZlRixOauAjOtrjsXDZ8=
golang.org/x/text v0.8.0/go.mod h1:e1OnstbJyHTd6l/uOt8jFFHp6TRDWZR/bV3emEE/zU8=
golang.org/x/text v0.39.0 h1:UbZz4pLOvn600D6Oh6GGEI6VAmndrEBLv8/6BEXzyus=
golang.org/x/text v0.39.0/go.mod h1:3UwRclnC2g0TU9x8PZiyfOajCd1zaUNHF9cvqcQZ+ZM=
golang.org/x/time v0.15.0 h1:bbrp8t3bGUeFOx08pvsMYRTCVSMk89u4tKbNOZbp88U=
golang.org/x/time v0.15.0/go.mod h1:Y4YMaQmXwGQZoFaVFk4YpCt4FLQMYKZe9oeV/f4MSno=
golang.org/x/tools v0.0.0-20180917221912-90fa682c2a6e/go.mod h1:n7NCudcB/nEzxVGmLbDWY5pfWTLqBcC2KZ6jyYvM4mQ=
golang.org/x/tools v0.0.0-20191119224855-298f0cb1881e/go.mod h1:b+2E5dAYhXwXZwtnZ6UAqBI28+e2cm9otk0dWdXHAEo=
golang.org/x/tools v0.1.12/go.mod h1:hNGJHUnrk76NpqgfD5Aqm5Crs+Hm0VOH/i9J2+nxYbc=
golang.org/x/tools v0.6.0/go.mod h1:Xwgl3UAJ/d3gWutnCtw505GrjyAbvKui8lOU390QaIU=
golang.org/x/tools v0.47.0 h1:7Kn5x/d1svx/PzryTsqeoZN4TZwqeH5pGWjefhLi/1Q=
golang.org/x/tools v0.47.0/go.mod h1:dFHnyTvFWY212G+h7ZY4Vsp/K3U4/7W9TyVaAul8uCA=
golang.org/x/xerrors v0.0.0-20190717185122-a985d3407aa7/go.mod h1:I/5z698sn9Ka8TeJc9MKroUUfqBBauWjQqLJ2OPfmY0=
gonum.org/v1/gonum v0.17.0 h1:VbpOemQlsSMrYmn7T2OUvQ4dqxQXU+ouZFQsZOx50z4=
gonum.org/v1/gonum v0.17.0/go.mod h1:El3tOrEuMpv2UdMrbNlKEh9vd86bmQ6vqIcDwxEOc1E=
google.golang.org/genproto/googleapis/api v0.0.0-20260526163538-3dc84a4a5aaa h1:Kjn0N0tCrDgiAFW+lGO4JZ3ck44CehvJQMAwj9QF0G8=
google.golang.org/genproto/googleapis/api v0.0.0-20260526163538-3dc84a4a5aaa/go.mod h1:q4lMZS6kskjT5HvCPrnnypcDPVJqT/f4nfxmkE7gryY=
google.golang.org/genproto/googleapis/rpc v0.0.0-20260526163538-3dc84a4a5aaa h1:mZHHdPZl0dbGHCflZgAq/Q468DWVFcU2whhB2KAo8fk=
google.golang.org/genproto/googleapis/rpc v0.0.0-20260526163538-3dc84a4a5aaa/go.mod h1:4Hqkh8ycfw05ld/3BWL7rJOSfebL2Q+DVDeRgYgxUU8=
google.golang.org/grpc v1.81.1 h1:VnnIIZ88UzOOKLukQi+ImGz8O1Wdp8nAGGnvOfEIWQQ=
google.golang.org/grpc v1.81.1/go.mod h1:xGH9GfzOyMTGIOXBJmXt+BX/V0kcdQbdcuwQ/zNw42I=
google.golang.org/protobuf v1.36.12-0.20260120151049-f2248ac996af h1:+5/Sw3GsDNlEmu7TfklWKPdQ0Ykja5VEmq2i817+jbI=
google.golang.org/protobuf v1.36.12-0.20260120151049-f2248ac996af/go.mod h1:HTf+CrKn2C3g5S8VImy6tdcUvCska2kB7j23XfzDpco=
gopkg.in/check.v1 v0.0.0-20161208181325-20d25e280405/go.mod h1:Co6ibVJAznAaIkqp8huTwlJQCZ016jof/cbN4VW5Yz0=
gopkg.in/check.v1 v1.0.0-20190902080502-41f04d3bba15/go.mod h1:Co6ibVJAznAaIkqp8huTwlJQCZ016jof/cbN4VW5Yz0=
gopkg.in/check.v1 v1.0.0-20201130134442-10cb98267c6c h1:Hei/4ADfdWqJk1ZMxUNpqntNwaWcugrBjAiHlqqRiVk=
gopkg.in/check.v1 v1.0.0-20201130134442-10cb98267c6c/go.mod h1:JHkPIbrfpd72SG/EVd6muEfDQjcINNoR0C8j2r3qZ4Q=
gopkg.in/warnings.v0 v0.1.2 h1:wFXVbFY8DY5/xOe1ECiWdKCzZlxgshcYVNkBHstARME=
gopkg.in/warnings.v0 v0.1.2/go.mod h1:jksf8JmL6Qr/oQM2OXTHunEvvTAsrWBLb6OOjuVWRNI=
gopkg.in/yaml.v2 v2.2.2/go.mod h1:hI93XBmqTisBFMUTm0b8Fm+jr3Dg1NNxqwp+5A1VGuI=
gopkg.in/yaml.v2 v2.4.0/go.mod h1:RDklbk79AGWmwhnvt/jBztapEOGDOx6ZbXqjP6csGnQ=
gopkg.in/yaml.v3 v3.0.1 h1:fxVm/GzAzEWqLHuvctI91KS9hhNmmWOoWu0XTYJS7CA=
gopkg.in/yaml.v3 v3.0.1/go.mod h1:K4uyk7z7BCEPqu6E+C64Yfv1cQ7kz7rIZviUmN+EgEM=
oras.land/oras-go/v2 v2.6.2 h1:N04RXngAp1LJKTG6ifz3xHPipasEkWr+hFmInja5YKo=
oras.land/oras-go/v2 v2.6.2/go.mod h1:PlTtg4JTDJkDe8yVHpM2wz7/YDc00GVas+i4jAW2TZ4=
